
Microsoft Visual Studio Solution File, Format Version 12.00
# Visual Studio Version 16
VisualStudioVersion = 16.0.31205.134
MinimumVisualStudioVersion = 10.0.40219.1
Project("{9A19103F-16F7-4668-BE54-9A1E7A4F7556}") = "SatisSistemiDemo", "SatisSistemiDemo.csproj", "{8DEE2C92-D5E2-4243-8A25-6CBD0CD37696}"
EndProject
Global
	GlobalSection(SolutionConfigurationPlatforms) = preSolution
		Debug|Any CPU = Debug|Any CPU
		Release|Any CPU = Release|Any CPU
	EndGlobalSection
	GlobalSection(ProjectConfigurationPlatforms) = postSolution
		{8DEE2C92-D5E2-4243-8A25-6CBD0CD37696}.Debug|Any CPU.ActiveCfg = Debug|Any CPU
		{8DEE2C92-D5E2-4243-8A25-6CBD0CD37696}.Debug|Any CPU.Build.0 = Debug|Any CPU
		{8DEE2C92-D5E2-4243-8A25-6CBD0CD37696}.Release|Any CPU.ActiveCfg = Release|Any CPU
		{8DEE2C92-D5E2-4243-8A25-6CBD0CD37696}.Release|Any CPU.Build.0 = Release|Any CPU
	EndGlobalSection
	GlobalSection(SolutionProperties) = preSolution
		HideSolutionNode = FALSE
	EndGlobalSection
	GlobalSection(ExtensibilityGlobals) = postSolution
		SolutionGuid = {B3A17828-2899-49BF-921C-A2E0956BF78D}
	EndGlobalSection
EndGlobal
